
Microsoft Visual Studio Solution File, Format Version 12.00
# Visual Studio Version 16
VisualStudioVersion = 16.0.31112.23
MinimumVisualStudioVersion = 10.0.40219.1
Project("{FAE04EC0-301F-11D3-BF4B-00C04F79EFBC}") = "CloudUniversity", "CloudUniversity\CloudUniversity.csproj", "{49C68338-5740-4DE2-A42C-BF2D4A944355}"
EndProject
Global
	GlobalSection(SolutionConfigurationPlatforms) = preSolution
		Debug|Any CPU = Debug|Any CPU
		Release|Any CPU = Release|Any CPU
	EndGlobalSection
	GlobalSection(ProjectConfigurationPlatforms) = postSolution
		{49C68338-5740-4DE2-A42C-BF2D4A944355}.Debug|Any CPU.ActiveCfg = Debug|Any CPU
		{49C68338-5740-4DE2-A42C-BF2D4A944355}.Debug|Any CPU.Build.0 = Debug|Any CPU
		{49C68338-5740-4DE2-A42C-BF2D4A944355}.Release|Any CPU.ActiveCfg = Release|Any CPU
		{49C68338-5740-4DE2-A42C-BF2D4A944355}.Release|Any CPU.Build.0 = Release|Any CPU
	EndGlobalSection
	GlobalSection(SolutionProperties) = preSolution
		HideSolutionNode = FALSE
	EndGlobalSection
	GlobalSection(ExtensibilityGlobals) = postSolution
		SolutionGuid = {FAECB6A2-AC4A-49C7-B15D-9E72C740D927}
	EndGlobalSection
EndGlobal
